<?xml version="1.0" encoding="utf-8"?>
<Project ToolsVersion="4.0" xmlns="http://schemas.microsoft.com/developer/msbuild/2003">
  <ItemGroup>
    <ClCompile Include="Code\MainGame\MainGame.cpp">
      <Filter>Source Files\01. MainGame</Filter>
    </ClCompile>
    <ClCompile Include="Code\Basic\Client.cpp">
      <Filter>Source Files\99. Default</Filter>
    </ClCompile>
    <ClCompile Include="Code\Basic\stdafx.cpp">
      <Filter>Source Files\99. Default</Filter>
    </ClCompile>
    <ClCompile Include="Code\Scene\SceneTown.cpp">
      <Filter>Source Files\02. Scene\Town</Filter>
    </ClCompile>
    <ClCompile Include="Code\Object\TestObject.cpp">
      <Filter>Source Files\04. Object\GameLogic</Filter>
    </ClCompile>
    <ClCompile Include="Code\Mgr\ObjectFactory.cpp">
      <Filter>Source Files\00. Mgr\ObjectFactory</Filter>
    </ClCompile>
    <ClCompile Include="Code\Mgr\SceneSetter.cpp">
      <Filter>Source Files\00. Mgr\SceneSetter</Filter>
    </ClCompile>
    <ClCompile Include="Code\Object\TestTerrain.cpp">
      <Filter>Source Files\04. Object\Back</Filter>
    </ClCompile>
  </ItemGroup>
  <ItemGroup>
    <ClInclude Include="..\Client\Code\Basic\Resource.h">
      <Filter>Source Files\99. Default</Filter>
    </ClInclude>
    <ClInclude Include="Code\MainGame\MainGame.h">
      <Filter>Source Files\01. MainGame</Filter>
    </ClInclude>
    <ClInclude Include="Code\Header\Value_Common.h">
      <Filter>Header Files</Filter>
    </ClInclude>
    <ClInclude Include="Code\Basic\Client.h">
      <Filter>Source Files\99. Default</Filter>
    </ClInclude>
    <ClInclude Include="Code\Basic\targetver.h">
      <Filter>Source Files\99. Default</Filter>
    </ClInclude>
    <ClInclude Include="Code\Header\stdafx.h">
      <Filter>Header Files</Filter>
    </ClInclude>
    <ClInclude Include="Code\Scene\SceneTown.h">
      <Filter>Source Files\02. Scene\Town</Filter>
    </ClInclude>
    <ClInclude Include="Code\Object\TestObject.h">
      <Filter>Source Files\04. Object\GameLogic</Filter>
    </ClInclude>
    <ClInclude Include="Code\Mgr\ObjectFactory.h">
      <Filter>Source Files\00. Mgr\ObjectFactory</Filter>
    </ClInclude>
    <ClInclude Include="Code\Mgr\SceneSetter.h">
      <Filter>Source Files\00. Mgr\SceneSetter</Filter>
    </ClInclude>
    <ClInclude Include="Code\Object\TestTerrain.h">
      <Filter>Source Files\04. Object\Back</Filter>
    </ClInclude>
  </ItemGroup>
  <ItemGroup>
    <Filter Include="Header Files">
      <UniqueIdentifier>{590d505c-f5e2-4a49-87e0-a16e3d463ae4}</UniqueIdentifier>
    </Filter>
    <Filter Include="Source Files">
      <UniqueIdentifier>{cb2c394f-a6cb-437a-9b12-0dcd777ee967}</UniqueIdentifier>
    </Filter>
    <Filter Include="Resource Files">
      <UniqueIdentifier>{2339e3bf-345d-4da5-9758-7cc396e4a3b1}</UniqueIdentifier>
    </Filter>
    <Filter Include="Source Files\00. Mgr">
      <UniqueIdentifier>{38f277e7-ed45-46c1-a866-c9c30c8f7986}</UniqueIdentifier>
    </Filter>
    <Filter Include="Source Files\01. MainGame">
      <UniqueIdentifier>{56bcc4ec-9a94-4d11-97eb-0635b8070111}</UniqueIdentifier>
    </Filter>
    <Filter Include="Source Files\02. Scene">
      <UniqueIdentifier>{6b8d7999-a7f3-40cc-b7bc-42699740a5df}</UniqueIdentifier>
    </Filter>
    <Filter Include="Source Files\03. Layer">
      <UniqueIdentifier>{624f0657-e627-4ed3-ac98-5708462b87d8}</UniqueIdentifier>
    </Filter>
    <Filter Include="Source Files\05. Component">
      <UniqueIdentifier>{38e6ccfe-26b6-4d8a-91a7-bc306b2c8e14}</UniqueIdentifier>
    </Filter>
    <Filter Include="Source Files\98. Etc">
      <UniqueIdentifier>{d0168c6b-cdf2-41c8-85f1-87e5d7238bcd}</UniqueIdentifier>
    </Filter>
    <Filter Include="Source Files\99. Default">
      <UniqueIdentifier>{77197ccb-5e5c-4430-af8a-47e41d3cb025}</UniqueIdentifier>
    </Filter>
    <Filter Include="Source Files\05. Component\01%29 Resource">
      <UniqueIdentifier>{7be444a9-1b91-46cc-8c0f-1bf9a5dea4fc}</UniqueIdentifier>
    </Filter>
    <Filter Include="Source Files\05. Component\02%29 Collision">
      <UniqueIdentifier>{b71f45aa-9700-4e67-ab00-76d83d6f1198}</UniqueIdentifier>
    </Filter>
    <Filter Include="Source Files\05. Component\03%29 Etc">
      <UniqueIdentifier>{494dcf9d-5be8-46ac-bf00-ce84eea5cfca}</UniqueIdentifier>
    </Filter>
    <Filter Include="Source Files\05. Component\02%29 Collision\Physics">
      <UniqueIdentifier>{1ea9a3fb-95f5-47bb-9a40-75dd46c8127d}</UniqueIdentifier>
    </Filter>
    <Filter Include="Source Files\05. Component\01%29 Resource\Buffer">
      <UniqueIdentifier>{a59603d8-5bb5-4c08-a3aa-6d92c83b14eb}</UniqueIdentifier>
    </Filter>
    <Filter Include="Source Files\05. Component\01%29 Resource\Buffer\SkyBox">
      <UniqueIdentifier>{e763e72c-7dee-4851-af5f-83a87287aa9b}</UniqueIdentifier>
    </Filter>
    <Filter Include="Source Files\05. Component\01%29 Resource\Shader">
      <UniqueIdentifier>{39090fd2-8a16-47dd-92aa-c14f221cecc7}</UniqueIdentifier>
    </Filter>
    <Filter Include="Source Files\05. Component\01%29 Resource\Texture">
      <UniqueIdentifier>{55cfd115-7fc9-4f79-8a67-2973bef84ac8}</UniqueIdentifier>
    </Filter>
    <Filter Include="Source Files\05. Component\01%29 Resource\Shader\SkyBox">
      <UniqueIdentifier>{16f262c6-fbab-4dec-b64f-702ae181256c}</UniqueIdentifier>
    </Filter>
    <Filter Include="Source Files\05. Component\01%29 Resource\Font">
      <UniqueIdentifier>{a844d946-53af-4885-be1e-e95c16084a68}</UniqueIdentifier>
    </Filter>
    <Filter Include="Source Files\02. Scene\Town">
      <UniqueIdentifier>{f3876b2d-4e6a-4a5a-a408-b58d90e0dff6}</UniqueIdentifier>
    </Filter>
    <Filter Include="Source Files\04. Object">
      <UniqueIdentifier>{627d03e7-cc35-44ed-9040-9ed96be49f95}</UniqueIdentifier>
    </Filter>
    <Filter Include="Source Files\04. Object\Back">
      <UniqueIdentifier>{cc5071e3-2d1a-4c13-b4a0-0e4c325e9b52}</UniqueIdentifier>
    </Filter>
    <Filter Include="Source Files\04. Object\Back\SkyBox">
      <UniqueIdentifier>{cdc45656-7e87-4d0d-9e51-b2a867f56d16}</UniqueIdentifier>
    </Filter>
    <Filter Include="Source Files\04. Object\GameLogic">
      <UniqueIdentifier>{383f1ffa-2f04-4c46-b124-865585ac657b}</UniqueIdentifier>
    </Filter>
    <Filter Include="Source Files\04. Object\GameLogic\Trigger">
      <UniqueIdentifier>{80cda272-c5f8-441b-a59a-7e567ab30a3b}</UniqueIdentifier>
    </Filter>
    <Filter Include="Source Files\04. Object\GameLogic\Player">
      <UniqueIdentifier>{af7d8fd9-8543-4628-a1f4-8adde58367e1}</UniqueIdentifier>
    </Filter>
    <Filter Include="Source Files\04. Object\UI">
      <UniqueIdentifier>{19d2d3f4-7da5-49fc-912e-7429f26290bf}</UniqueIdentifier>
    </Filter>
    <Filter Include="Source Files\00. Mgr\ObjectFactory">
      <UniqueIdentifier>{0ff391c5-22a7-4ea4-9080-f5719b4be61a}</UniqueIdentifier>
    </Filter>
    <Filter Include="Source Files\00. Mgr\SceneSetter">
      <UniqueIdentifier>{b5f05ce2-edfe-4cf7-8c36-0b5d802a0eac}</UniqueIdentifier>
    </Filter>
  </ItemGroup>
  <ItemGroup>
    <Image Include="..\Client\Code\Basic\Client.ico">
      <Filter>Resource Files</Filter>
    </Image>
  </ItemGroup>
  <ItemGroup>
    <ResourceCompile Include="..\Client\Code\Basic\Client.rc">
      <Filter>Resource Files</Filter>
    </ResourceCompile>
  </ItemGroup>
</Project>