
Microsoft Visual Studio Solution File, Format Version 12.00
# Visual Studio 15
VisualStudioVersion = 15.0.27130.2036
MinimumVisualStudioVersion = 10.0.40219.1
Project("{2150E333-8FDC-42A3-9474-1A3956D46DE8}") = "Client", "Client", "{2C96AF7C-04CD-4CEC-8A98-7599019FC517}"
EndProject
Project("{2150E333-8FDC-42A3-9474-1A3956D46DE8}") = "Server", "Server", "{9267A0AA-93E6-4B98-8C04-9DCC707FBF04}"
EndProject
Project("{2150E333-8FDC-42A3-9474-1A3956D46DE8}") = "Tool_Map", "Tool_Map", "{7B9B74D7-C09D-4408-A89D-0B1DB6298E2B}"
EndProject
Project("{8BC9CEB8-8B4A-11D0-8D11-00A0C91BC942}") = "Client", "Client\Client.vcxproj", "{41224AE3-AD96-4C95-8D8D-2FEC80870F13}"
	ProjectSection(ProjectDependencies) = postProject
		{E102A399-E4DE-4056-B1C4-9743AE5DC75C} = {E102A399-E4DE-4056-B1C4-9743AE5DC75C}
	EndProjectSection
EndProject
Project("{2150E333-8FDC-42A3-9474-1A3956D46DE8}") = "Tool_CheckShader", "Tool_CheckShader", "{8500B127-7997-45FA-BE13-6A404B35B61C}"
EndProject
Project("{2150E333-8FDC-42A3-9474-1A3956D46DE8}") = "Engine", "Engine", "{B819EC65-7AFD-45EA-9EAB-7C2D3A7C3398}"
EndProject
Project("{2150E333-8FDC-42A3-9474-1A3956D46DE8}") = "Code", "Code", "{3636B88A-3239-4EDF-82D2-8D6692154C19}"
EndProject
Project("{2150E333-8FDC-42A3-9474-1A3956D46DE8}") = "Utility", "Utility", "{F052D872-4E2D-47AA-875A-CE6902F24DFE}"
EndProject
Project("{2150E333-8FDC-42A3-9474-1A3956D46DE8}") = "Header", "Header", "{92B68504-13FC-4CE5-9603-2D0A2EC04630}"
	ProjectSection(SolutionItems) = preProject
		Engine\Header\Engine_Define_Buffer_Index.h = Engine\Header\Engine_Define_Buffer_Index.h
		Engine\Header\Engine_Define_Check.h = Engine\Header\Engine_Define_Check.h
		Engine\Header\Engine_Define_Dll.h = Engine\Header\Engine_Define_Dll.h
		Engine\Header\Engine_Define_Others.h = Engine\Header\Engine_Define_Others.h
		Engine\Header\Engine_Define_Pattern.h = Engine\Header\Engine_Define_Pattern.h
		Engine\Header\Engine_Function_Safe.h = Engine\Header\Engine_Function_Safe.h
		Engine\Header\Engine_Include_Common.h = Engine\Header\Engine_Include_Common.h
		Engine\Header\Engine_Struct_Arg.h = Engine\Header\Engine_Struct_Arg.h
		Engine\Header\Engine_Struct_Buffer.h = Engine\Header\Engine_Struct_Buffer.h
		Engine\Header\Engine_Value_Common.h = Engine\Header\Engine_Value_Common.h
	EndProjectSection
EndProject
Project("{8BC9CEB8-8B4A-11D0-8D11-00A0C91BC942}") = "Engine", "Engine\System\System.vcxproj", "{E102A399-E4DE-4056-B1C4-9743AE5DC75C}"
EndProject
Project("{2150E333-8FDC-42A3-9474-1A3956D46DE8}") = "Protocols", "Protocols", "{57755B47-2A33-4290-A6E5-767AC3CACA6B}"
EndProject
Project("{8BC9CEB8-8B4A-11D0-8D11-00A0C91BC942}") = "Protocols", "Source\Common\Protocols\Protocols.vcxproj", "{3C335FAA-E713-4AFD-BE60-308C286A1A00}"
EndProject
Project("{2150E333-8FDC-42A3-9474-1A3956D46DE8}") = "Shared", "Shared", "{C8E91396-FBED-4A4A-84E4-0C4683F3EBAC}"
EndProject
Project("{8BC9CEB8-8B4A-11D0-8D11-00A0C91BC942}") = "Shared", "Source\Common\Shared\Shared\Shared.vcxproj", "{90268DCE-E263-4EC0-B388-1B39940DB455}"
EndProject
Project("{2150E333-8FDC-42A3-9474-1A3956D46DE8}") = "FlatBuffers", "FlatBuffers", "{88CB369A-B5F6-46D3-B12F-5C1BEBE04151}"
EndProject
Project("{8BC9CEB8-8B4A-11D0-8D11-00A0C91BC942}") = "FlatBuffers", "Source\Common\FlatBuffers\FlatBuffers.vcxproj", "{1430F4C1-4F17-488D-9959-6A0B520252CB}"
EndProject
Global
	GlobalSection(SolutionConfigurationPlatforms) = preSolution
		Debug|x64 = Debug|x64
		Debug|x86 = Debug|x86
		Release|x64 = Release|x64
		Release|x86 = Release|x86
	EndGlobalSection
	GlobalSection(ProjectConfigurationPlatforms) = postSolution
		{41224AE3-AD96-4C95-8D8D-2FEC80870F13}.Debug|x64.ActiveCfg = Debug|x64
		{41224AE3-AD96-4C95-8D8D-2FEC80870F13}.Debug|x64.Build.0 = Debug|x64
		{41224AE3-AD96-4C95-8D8D-2FEC80870F13}.Debug|x86.ActiveCfg = Debug|Win32
		{41224AE3-AD96-4C95-8D8D-2FEC80870F13}.Debug|x86.Build.0 = Debug|Win32
		{41224AE3-AD96-4C95-8D8D-2FEC80870F13}.Release|x64.ActiveCfg = Release|x64
		{41224AE3-AD96-4C95-8D8D-2FEC80870F13}.Release|x64.Build.0 = Release|x64
		{41224AE3-AD96-4C95-8D8D-2FEC80870F13}.Release|x86.ActiveCfg = Release|Win32
		{41224AE3-AD96-4C95-8D8D-2FEC80870F13}.Release|x86.Build.0 = Release|Win32
		{E102A399-E4DE-4056-B1C4-9743AE5DC75C}.Debug|x64.ActiveCfg = Debug|x64
		{E102A399-E4DE-4056-B1C4-9743AE5DC75C}.Debug|x64.Build.0 = Debug|x64
		{E102A399-E4DE-4056-B1C4-9743AE5DC75C}.Debug|x86.ActiveCfg = Debug|Win32
		{E102A399-E4DE-4056-B1C4-9743AE5DC75C}.Debug|x86.Build.0 = Debug|Win32
		{E102A399-E4DE-4056-B1C4-9743AE5DC75C}.Release|x64.ActiveCfg = Release|x64
		{E102A399-E4DE-4056-B1C4-9743AE5DC75C}.Release|x64.Build.0 = Release|x64
		{E102A399-E4DE-4056-B1C4-9743AE5DC75C}.Release|x86.ActiveCfg = Release|Win32
		{E102A399-E4DE-4056-B1C4-9743AE5DC75C}.Release|x86.Build.0 = Release|Win32
		{3C335FAA-E713-4AFD-BE60-308C286A1A00}.Debug|x64.ActiveCfg = Debug|x64
		{3C335FAA-E713-4AFD-BE60-308C286A1A00}.Debug|x64.Build.0 = Debug|x64
		{3C335FAA-E713-4AFD-BE60-308C286A1A00}.Debug|x86.ActiveCfg = Debug|Win32
		{3C335FAA-E713-4AFD-BE60-308C286A1A00}.Debug|x86.Build.0 = Debug|Win32
		{3C335FAA-E713-4AFD-BE60-308C286A1A00}.Release|x64.ActiveCfg = Release|x64
		{3C335FAA-E713-4AFD-BE60-308C286A1A00}.Release|x64.Build.0 = Release|x64
		{3C335FAA-E713-4AFD-BE60-308C286A1A00}.Release|x86.ActiveCfg = Release|Win32
		{3C335FAA-E713-4AFD-BE60-308C286A1A00}.Release|x86.Build.0 = Release|Win32
		{90268DCE-E263-4EC0-B388-1B39940DB455}.Debug|x64.ActiveCfg = Debug|x64
		{90268DCE-E263-4EC0-B388-1B39940DB455}.Debug|x64.Build.0 = Debug|x64
		{90268DCE-E263-4EC0-B388-1B39940DB455}.Debug|x86.ActiveCfg = Debug|Win32
		{90268DCE-E263-4EC0-B388-1B39940DB455}.Debug|x86.Build.0 = Debug|Win32
		{90268DCE-E263-4EC0-B388-1B39940DB455}.Release|x64.ActiveCfg = Release|x64
		{90268DCE-E263-4EC0-B388-1B39940DB455}.Release|x64.Build.0 = Release|x64
		{90268DCE-E263-4EC0-B388-1B39940DB455}.Release|x86.ActiveCfg = Release|Win32
		{90268DCE-E263-4EC0-B388-1B39940DB455}.Release|x86.Build.0 = Release|Win32
		{1430F4C1-4F17-488D-9959-6A0B520252CB}.Debug|x64.ActiveCfg = Debug|x64
		{1430F4C1-4F17-488D-9959-6A0B520252CB}.Debug|x64.Build.0 = Debug|x64
		{1430F4C1-4F17-488D-9959-6A0B520252CB}.Debug|x86.ActiveCfg = Debug|Win32
		{1430F4C1-4F17-488D-9959-6A0B520252CB}.Debug|x86.Build.0 = Debug|Win32
		{1430F4C1-4F17-488D-9959-6A0B520252CB}.Release|x64.ActiveCfg = Release|x64
		{1430F4C1-4F17-488D-9959-6A0B520252CB}.Release|x64.Build.0 = Release|x64
		{1430F4C1-4F17-488D-9959-6A0B520252CB}.Release|x86.ActiveCfg = Release|Win32
		{1430F4C1-4F17-488D-9959-6A0B520252CB}.Release|x86.Build.0 = Release|Win32
	EndGlobalSection
	GlobalSection(SolutionProperties) = preSolution
		HideSolutionNode = FALSE
	EndGlobalSection
	GlobalSection(NestedProjects) = preSolution
		{41224AE3-AD96-4C95-8D8D-2FEC80870F13} = {2C96AF7C-04CD-4CEC-8A98-7599019FC517}
		{3636B88A-3239-4EDF-82D2-8D6692154C19} = {B819EC65-7AFD-45EA-9EAB-7C2D3A7C3398}
		{F052D872-4E2D-47AA-875A-CE6902F24DFE} = {B819EC65-7AFD-45EA-9EAB-7C2D3A7C3398}
		{92B68504-13FC-4CE5-9603-2D0A2EC04630} = {B819EC65-7AFD-45EA-9EAB-7C2D3A7C3398}
		{E102A399-E4DE-4056-B1C4-9743AE5DC75C} = {3636B88A-3239-4EDF-82D2-8D6692154C19}
		{3C335FAA-E713-4AFD-BE60-308C286A1A00} = {57755B47-2A33-4290-A6E5-767AC3CACA6B}
		{90268DCE-E263-4EC0-B388-1B39940DB455} = {C8E91396-FBED-4A4A-84E4-0C4683F3EBAC}
		{1430F4C1-4F17-488D-9959-6A0B520252CB} = {88CB369A-B5F6-46D3-B12F-5C1BEBE04151}
	EndGlobalSection
	GlobalSection(ExtensibilityGlobals) = postSolution
		SolutionGuid = {F98D8F8D-FC03-48F5-BC92-E7DF54B285C4}
	EndGlobalSection
EndGlobal
